
Microsoft Visual Studio Solution File, Format Version 12.00
Project("{FAE04EC0-301F-11D3-BF4B-00C04F79EFBC}") = "maui-bmi", "maui-bmi.csproj", "{F4B40910-A0B4-4D84-B4E8-D21571F93727}"
EndProject
Global
	GlobalSection(SolutionConfigurationPlatforms) = preSolution
		Debug|Any CPU = Debug|Any CPU
		Release|Any CPU = Release|Any CPU
	EndGlobalSection
	GlobalSection(ProjectConfigurationPlatforms) = postSolution
		{F4B40910-A0B4-4D84-B4E8-D21571F93727}.Debug|Any CPU.ActiveCfg = Debug|Any CPU
		{F4B40910-A0B4-4D84-B4E8-D21571F93727}.Debug|Any CPU.Build.0 = Debug|Any CPU
		{F4B40910-A0B4-4D84-B4E8-D21571F93727}.Release|Any CPU.ActiveCfg = Release|Any CPU
		{F4B40910-A0B4-4D84-B4E8-D21571F93727}.Release|Any CPU.Build.0 = Release|Any CPU
	EndGlobalSection
EndGlobal
